
Microsoft Visual Studio Solution File, Format Version 12.00
# Visual Studio Version 16
VisualStudioVersion = 16.0.31424.327
MinimumVisualStudioVersion = 10.0.40219.1
Project("{9A19103F-16F7-4668-BE54-9A1E7A4F7556}") = "策略模式", "策略模式\策略模式.csproj", "{F9770FFE-611D-40F3-93FA-BB61E68E41D9}"
EndProject
Project("{9A19103F-16F7-4668-BE54-9A1E7A4F7556}") = "装饰者模式", "装饰者模式\装饰者模式.csproj", "{7B4CFF1B-F61B-4745-88E7-D188565A1C25}"
EndProject
Project("{9A19103F-16F7-4668-BE54-9A1E7A4F7556}") = "观察者模式", "观察者模式\观察者模式.csproj", "{867E01A3-4234-42DC-9C0D-407FF21852D9}"
EndProject
Project("{FAE04EC0-301F-11D3-BF4B-00C04F79EFBC}") = "工厂模式简单实现", "工厂模式简单实现\工厂模式简单实现.csproj", "{BED59228-C41B-4509-BB51-979E6DEC7B2F}"
EndProject
Global
	GlobalSection(SolutionConfigurationPlatforms) = preSolution
		Debug|Any CPU = Debug|Any CPU
		Release|Any CPU = Release|Any CPU
	EndGlobalSection
	GlobalSection(ProjectConfigurationPlatforms) = postSolution
		{F9770FFE-611D-40F3-93FA-BB61E68E41D9}.Debug|Any CPU.ActiveCfg = Debug|Any CPU
		{F9770FFE-611D-40F3-93FA-BB61E68E41D9}.Debug|Any CPU.Build.0 = Debug|Any CPU
		{F9770FFE-611D-40F3-93FA-BB61E68E41D9}.Release|Any CPU.ActiveCfg = Release|Any CPU
		{F9770FFE-611D-40F3-93FA-BB61E68E41D9}.Release|Any CPU.Build.0 = Release|Any CPU
		{7B4CFF1B-F61B-4745-88E7-D188565A1C25}.Debug|Any CPU.ActiveCfg = Debug|Any CPU
		{7B4CFF1B-F61B-4745-88E7-D188565A1C25}.Debug|Any CPU.Build.0 = Debug|Any CPU
		{7B4CFF1B-F61B-4745-88E7-D188565A1C25}.Release|Any CPU.ActiveCfg = Release|Any CPU
		{7B4CFF1B-F61B-4745-88E7-D188565A1C25}.Release|Any CPU.Build.0 = Release|Any CPU
		{867E01A3-4234-42DC-9C0D-407FF21852D9}.Debug|Any CPU.ActiveCfg = Debug|Any CPU
		{867E01A3-4234-42DC-9C0D-407FF21852D9}.Debug|Any CPU.Build.0 = Debug|Any CPU
		{867E01A3-4234-42DC-9C0D-407FF21852D9}.Release|Any CPU.ActiveCfg = Release|Any CPU
		{867E01A3-4234-42DC-9C0D-407FF21852D9}.Release|Any CPU.Build.0 = Release|Any CPU
		{BED59228-C41B-4509-BB51-979E6DEC7B2F}.Debug|Any CPU.ActiveCfg = Debug|Any CPU
		{BED59228-C41B-4509-BB51-979E6DEC7B2F}.Debug|Any CPU.Build.0 = Debug|Any CPU
		{BED59228-C41B-4509-BB51-979E6DEC7B2F}.Release|Any CPU.ActiveCfg = Release|Any CPU
		{BED59228-C41B-4509-BB51-979E6DEC7B2F}.Release|Any CPU.Build.0 = Release|Any CPU
	EndGlobalSection
	GlobalSection(SolutionProperties) = preSolution
		HideSolutionNode = FALSE
	EndGlobalSection
	GlobalSection(ExtensibilityGlobals) = postSolution
		SolutionGuid = {75BDD7FC-3232-41A9-BCF3-B93881C407E2}
	EndGlobalSection
EndGlobal
